
Microsoft Visual Studio Solution File, Format Version 12.00
# Visual Studio 15
VisualStudioVersion = 15.0.27703.2047
MinimumVisualStudioVersion = 10.0.40219.1
Project("{FAE04EC0-301F-11D3-BF4B-00C04F79EFBC}") = "ApiCloud", "ApiCloud\ApiCloud.csproj", "{4C0718BB-A9B1-4605-8225-BD6D3B1890AD}"
EndProject
Global
	GlobalSection(SolutionConfigurationPlatforms) = preSolution
		Debug|Any CPU = Debug|Any CPU
		Release|Any CPU = Release|Any CPU
	EndGlobalSection
	GlobalSection(ProjectConfigurationPlatforms) = postSolution
		{4C0718BB-A9B1-4605-8225-BD6D3B1890AD}.Debug|Any CPU.ActiveCfg = Debug|Any CPU
		{4C0718BB-A9B1-4605-8225-BD6D3B1890AD}.Debug|Any CPU.Build.0 = Debug|Any CPU
		{4C0718BB-A9B1-4605-8225-BD6D3B1890AD}.Release|Any CPU.ActiveCfg = Release|Any CPU
		{4C0718BB-A9B1-4605-8225-BD6D3B1890AD}.Release|Any CPU.Build.0 = Release|Any CPU
	EndGlobalSection
	GlobalSection(SolutionProperties) = preSolution
		HideSolutionNode = FALSE
	EndGlobalSection
	GlobalSection(ExtensibilityGlobals) = postSolution
		SolutionGuid = {6746333F-6086-4B5D-88A7-D9BF62F0812B}
	EndGlobalSection
EndGlobal
